// !$*UTF8*$!
{
	archiveVersion = 1;
	classes = {
	};
	objectVersion = 50;
	objects = {

/* Begin PBXBuildFile section */
		C0F6A613211E786000C4BA1B /* AppDelegate.swift in Sources */ = {isa = PBXBuildFile; fileRef = C0F6A612211E786000C4BA1B /* AppDelegate.swift */; };
		C0F6A615211E786000C4BA1B /* ViewController.swift in Sources */ = {isa = PBXBuildFile; fileRef = C0F6A614211E786000C4BA1B /* ViewController.swift */; };
		C0F6A618211E786000C4BA1B /* Main.storyboard in Resources */ = {isa = PBXBuildFile; fileRef = C0F6A616211E786000C4BA1B /* Main.storyboard */; };
		C0F6A61A211E786100C4BA1B /* Assets.xcassets in Resources */ = {isa = PBXBuildFile; fileRef = C0F6A619211E786100C4BA1B /* Assets.xcassets */; };
		C0F6A61D211E786100C4BA1B /* LaunchScreen.storyboard in Resources */ = {isa = PBXBuildFile; fileRef = C0F6A61B211E786100C4BA1B /* LaunchScreen.storyboard */; };
		C0F6A62A211E8ECA00C4BA1B /* becky.jpg in Resources */ = {isa = PBXBuildFile; fileRef = C0F6A625211E8ECA00C4BA1B /* becky.jpg */; };
		C0F6A62B211E8ECA00C4BA1B /* finn.jpg in Resources */ = {isa = PBXBuildFile; fileRef = C0F6A626211E8ECA00C4BA1B /* finn.jpg */; };
		C0F6A62C211E8ECA00C4BA1B /* tom.jpg in Resources */ = {isa = PBXBuildFile; fileRef = C0F6A627211E8ECA00C4BA1B /* tom.jpg */; };
		C0F6A62D211E8ECA00C4BA1B /* holm.jpg in Resources */ = {isa = PBXBuildFile; fileRef = C0F6A628211E8ECA00C4BA1B /* holm.jpg */; };
		C0F6A62E211E8ECA00C4BA1B /* ServerData.json in Resources */ = {isa = PBXBuildFile; fileRef = C0F6A629211E8ECA00C4BA1B /* ServerData.json */; };
		C0F6A634211E8EF600C4BA1B /* Model.swift in Sources */ = {isa = PBXBuildFile; fileRef = C0F6A633211E8EF600C4BA1B /* Model.swift */; };
/* End PBXBuildFile section */

/* Begin PBXFileReference section */
		C0F6A60F211E786000C4BA1B /* mvvm.app */ = {isa = PBXFileReference; explicitFileType = wrapper.application; includeInIndex = 0; path = mvvm.app; sourceTree = BUILT_PRODUCTS_DIR; };
		C0F6A612211E786000C4BA1B /* AppDelegate.swift */ = {isa = PBXFileReference; lastKnownFileType = sourcecode.swift; path = AppDelegate.swift; sourceTree = "<group>"; };
		C0F6A614211E786000C4BA1B /* ViewController.swift */ = {isa = PBXFileReference; lastKnownFileType = sourcecode.swift; path = ViewController.swift; sourceTree = "<group>"; };
		C0F6A617211E786000C4BA1B /* Base */ = {isa = PBXFileReference; lastKnownFileType = file.storyboard; name = Base; path = Base.lproj/Main.storyboard; sourceTree = "<group>"; };
		C0F6A619211E786100C4BA1B /* Assets.xcassets */ = {isa = PBXFileReference; lastKnownFileType = folder.assetcatalog; path = Assets.xcassets; sourceTree = "<group>"; };
		C0F6A61C211E786100C4BA1B /* Base */ = {isa = PBXFileReference; lastKnownFileType = file.storyboard; name = Base; path = Base.lproj/LaunchScreen.storyboard; sourceTree = "<group>"; };
		C0F6A61E211E786100C4BA1B /* Info.plist */ = {isa = PBXFileReference; lastKnownFileType = text.plist.xml; path = Info.plist; sourceTree = "<group>"; };
		C0F6A625211E8ECA00C4BA1B /* becky.jpg */ = {isa = PBXFileReference; lastKnownFileType = image.jpeg; path = becky.jpg; sourceTree = "<group>"; };
		C0F6A626211E8ECA00C4BA1B /* finn.jpg */ = {isa = PBXFileReference; lastKnownFileType = image.jpeg; path = finn.jpg; sourceTree = "<group>"; };
		C0F6A627211E8ECA00C4BA1B /* tom.jpg */ = {isa = PBXFileReference; lastKnownFileType = image.jpeg; path = tom.jpg; sourceTree = "<group>"; };
		C0F6A628211E8ECA00C4BA1B /* holm.jpg */ = {isa = PBXFileReference; lastKnownFileType = image.jpeg; path = holm.jpg; sourceTree = "<group>"; };
		C0F6A629211E8ECA00C4BA1B /* ServerData.json */ = {isa = PBXFileReference; fileEncoding = 4; lastKnownFileType = text.json; name = ServerData.json; path = ../../../Desktop/ServerData.json; sourceTree = "<group>"; };
		C0F6A633211E8EF600C4BA1B /* Model.swift */ = {isa = PBXFileReference; lastKnownFileType = sourcecode.swift; path = Model.swift; sourceTree = "<group>"; };
/* End PBXFileReference section */

/* Begin PBXFrameworksBuildPhase section */
		C0F6A60C211E786000C4BA1B /* Frameworks */ = {
			isa = PBXFrameworksBuildPhase;
			buildActionMask = 2147483647;
			files = (
			);
			runOnlyForDeploymentPostprocessing = 0;
		};
/* End PBXFrameworksBuildPhase section */

/* Begin PBXGroup section */
		C0F6A606211E786000C4BA1B = {
			isa = PBXGroup;
			children = (
				C0F6A611211E786000C4BA1B /* mvvm */,
				C0F6A610211E786000C4BA1B /* Products */,
			);
			sourceTree = "<group>";
		};
		C0F6A610211E786000C4BA1B /* Products */ = {
			isa = PBXGroup;
			children = (
				C0F6A60F211E786000C4BA1B /* mvvm.app */,
			);
			name = Products;
			sourceTree = "<group>";
		};
		C0F6A611211E786000C4BA1B /* mvvm */ = {
			isa = PBXGroup;
			children = (
				C0F6A612211E786000C4BA1B /* AppDelegate.swift */,
				C0F6A614211E786000C4BA1B /* ViewController.swift */,
				C0F6A616211E786000C4BA1B /* Main.storyboard */,
				C0F6A619211E786100C4BA1B /* Assets.xcassets */,
				C0F6A61B211E786100C4BA1B /* LaunchScreen.storyboard */,
				C0F6A61E211E786100C4BA1B /* Info.plist */,
				C0F6A624211E8ECA00C4BA1B /* Images */,
				C0F6A629211E8ECA00C4BA1B /* ServerData.json */,
				C0F6A633211E8EF600C4BA1B /* Model.swift */,
			);
			path = mvvm;
			sourceTree = "<group>";
		};
		C0F6A624211E8ECA00C4BA1B /* Images */ = {
			isa = PBXGroup;
			children = (
				C0F6A625211E8ECA00C4BA1B /* becky.jpg */,
				C0F6A626211E8ECA00C4BA1B /* finn.jpg */,
				C0F6A627211E8ECA00C4BA1B /* tom.jpg */,
				C0F6A628211E8ECA00C4BA1B /* holm.jpg */,
			);
			name = Images;
			path = ../../../Desktop/Images;
			sourceTree = "<group>";
		};
/* End PBXGroup section */

/* Begin PBXNativeTarget section */
		C0F6A60E211E786000C4BA1B /* mvvm */ = {
			isa = PBXNativeTarget;
			buildConfigurationList = C0F6A621211E786100C4BA1B /* Build configuration list for PBXNativeTarget "mvvm" */;
			buildPhases = (
				C0F6A60B211E786000C4BA1B /* Sources */,
				C0F6A60C211E786000C4BA1B /* Frameworks */,
				C0F6A60D211E786000C4BA1B /* Resources */,
			);
			buildRules = (
			);
			dependencies = (
			);
			name = mvvm;
			productName = mvvm;
			productReference = C0F6A60F211E786000C4BA1B /* mvvm.app */;
			productType = "com.apple.product-type.application";
		};
/* End PBXNativeTarget section */

/* Begin PBXProject section */
		C0F6A607211E786000C4BA1B /* Project object */ = {
			isa = PBXProject;
			attributes = {
				LastSwiftUpdateCheck = 0940;
				LastUpgradeCheck = 0940;
				ORGANIZATIONNAME = "Timothy Lee";
				TargetAttributes = {
					C0F6A60E211E786000C4BA1B = {
						CreatedOnToolsVersion = 9.4.1;
					};
				};
			};
			buildConfigurationList = C0F6A60A211E786000C4BA1B /* Build configuration list for PBXProject "mvvm" */;
			compatibilityVersion = "Xcode 9.3";
			developmentRegion = en;
			hasScannedForEncodings = 0;
			knownRegions = (
				en,
				Base,
			);
			mainGroup = C0F6A606211E786000C4BA1B;
			productRefGroup = C0F6A610211E786000C4BA1B /* Products */;
			projectDirPath = "";
			projectRoot = "";
			targets = (
				C0F6A60E211E786000C4BA1B /* mvvm */,
			);
		};
/* End PBXProject section */

/* Begin PBXResourcesBuildPhase section */
		C0F6A60D211E786000C4BA1B /* Resources */ = {
			isa = PBXResourcesBuildPhase;
			buildActionMask = 2147483647;
			files = (
				C0F6A62E211E8ECA00C4BA1B /* ServerData.json in Resources */,
				C0F6A62D211E8ECA00C4BA1B /* holm.jpg in Resources */,
				C0F6A62C211E8ECA00C4BA1B /* tom.jpg in Resources */,
				C0F6A61D211E786100C4BA1B /* LaunchScreen.storyboard in Resources */,
				C0F6A62B211E8ECA00C4BA1B /* finn.jpg in Resources */,
				C0F6A61A211E786100C4BA1B /* Assets.xcassets in Resources */,
				C0F6A62A211E8ECA00C4BA1B /* becky.jpg in Resources */,
				C0F6A618211E786000C4BA1B /* Main.storyboard in Resources */,
			);
			runOnlyForDeploymentPostprocessing = 0;
		};
/* End PBXResourcesBuildPhase section */

/* Begin PBXSourcesBuildPhase section */
		C0F6A60B211E786000C4BA1B /* Sources */ = {
			isa = PBXSourcesBuildPhase;
			buildActionMask = 2147483647;
			files = (
				C0F6A634211E8EF600C4BA1B /* Model.swift in Sources */,
				C0F6A615211E786000C4BA1B /* ViewController.swift in Sources */,
				C0F6A613211E786000C4BA1B /* AppDelegate.swift in Sources */,
			);
			runOnlyForDeploymentPostprocessing = 0;
		};
/* End PBXSourcesBuildPhase section */

/* Begin PBXVariantGroup section */
		C0F6A616211E786000C4BA1B /* Main.storyboard */ = {
			isa = PBXVariantGroup;
			children = (
				C0F6A617211E786000C4BA1B /* Base */,
			);
			name = Main.storyboard;
			sourceTree = "<group>";
		};
		C0F6A61B211E786100C4BA1B /* LaunchScreen.storyboard */ = {
			isa = PBXVariantGroup;
			children = (
				C0F6A61C211E786100C4BA1B /* Base */,
			);
			name = LaunchScreen.storyboard;
			sourceTree = "<group>";
		};
/* End PBXVariantGroup section */

/* Begin XCBuildConfiguration section */
		C0F6A61F211E786100C4BA1B /* Debug */ = {
			isa = XCBuildConfiguration;
			buildSettings = {
				ALWAYS_SEARCH_USER_PATHS = NO;
				CLANG_ANALYZER_NONNULL = YES;
				CLANG_ANALYZER_NUMBER_OBJECT_CONVERSION = YES_AGGRESSIVE;
				CLANG_CXX_LANGUAGE_STANDARD = "gnu++14";
				CLANG_CXX_LIBRARY = "libc++";
				CLANG_ENABLE_MODULES = YES;
				CLANG_ENABLE_OBJC_ARC = YES;
				CLANG_ENABLE_OBJC_WEAK = YES;
				CLANG_WARN_BLOCK_CAPTURE_AUTORELEASING = YES;
				CLANG_WARN_BOOL_CONVERSION = YES;
				CLANG_WARN_COMMA = YES;
				CLANG_WARN_CONSTANT_CONVERSION = YES;
				CLANG_WARN_DEPRECATED_OBJC_IMPLEMENTATIONS = YES;
				CLANG_WARN_DIRECT_OBJC_ISA_USAGE = YES_ERROR;
				CLANG_WARN_DOCUMENTATION_COMMENTS = YES;
				CLANG_WARN_EMPTY_BODY = YES;
				CLANG_WARN_ENUM_CONVERSION = YES;
				CLANG_WARN_INFINITE_RECURSION = YES;
				CLANG_WARN_INT_CONVERSION = YES;
				CLANG_WARN_NON_LITERAL_NULL_CONVERSION = YES;
				CLANG_WARN_OBJC_IMPLICIT_RETAIN_SELF = YES;
				CLANG_WARN_OBJC_LITERAL_CONVERSION = YES;
				CLANG_WARN_OBJC_ROOT_CLASS = YES_ERROR;
				CLANG_WARN_RANGE_LOOP_ANALYSIS = YES;
				CLANG_WARN_STRICT_PROTOTYPES = YES;
				CLANG_WARN_SUSPICIOUS_MOVE = YES;
				CLANG_WARN_UNGUARDED_AVAILABILITY = YES_AGGRESSIVE;
				CLANG_WARN_UNREACHABLE_CODE = YES;
				CLANG_WARN__DUPLICATE_METHOD_MATCH = YES;
				CODE_SIGN_IDENTITY = "iPhone Developer";
				COPY_PHASE_STRIP = NO;
				DEBUG_INFORMATION_FORMAT = dwarf;
				ENABLE_STRICT_OBJC_MSGSEND = YES;
				ENABLE_TESTABILITY = YES;
				GCC_C_LANGUAGE_STANDARD = gnu11;
				GCC_DYNAMIC_NO_PIC = NO;
				GCC_NO_COMMON_BLOCKS = YES;
				GCC_OPTIMIZATION_LEVEL = 0;
				GCC_PREPROCESSOR_DEFINITIONS = (
					"DEBUG=1",
					"$(inherited)",
				);
				GCC_WARN_64_TO_32_BIT_CONVERSION = YES;
				GCC_WARN_ABOUT_RETURN_TYPE = YES_ERROR;
				GCC_WARN_UNDECLARED_SELECTOR = YES;
				GCC_WARN_UNINITIALIZED_AUTOS = YES_AGGRESSIVE;
				GCC_WARN_UNUSED_FUNCTION = YES;
				GCC_WARN_UNUSED_VARIABLE = YES;
				IPHONEOS_DEPLOYMENT_TARGET = 11.4;
				MTL_ENABLE_DEBUG_INFO = YES;
				ONLY_ACTIVE_ARCH = YES;
				SDKROOT = iphoneos;
				SWIFT_ACTIVE_COMPILATION_CONDITIONS = DEBUG;
				SWIFT_OPTIMIZATION_LEVEL = "-Onone";
			};
			name = Debug;
		};
		C0F6A620211E786100C4BA1B /* Release */ = {
			isa = XCBuildConfiguration;
			buildSettings = {
				ALWAYS_SEARCH_USER_PATHS = NO;
				CLANG_ANALYZER_NONNULL = YES;
				CLANG_ANALYZER_NUMBER_OBJECT_CONVERSION = YES_AGGRESSIVE;
				CLANG_CXX_LANGUAGE_STANDARD = "gnu++14";
				CLANG_CXX_LIBRARY = "libc++";
				CLANG_ENABLE_MODULES = YES;
				CLANG_ENABLE_OBJC_ARC = YES;
				CLANG_ENABLE_OBJC_WEAK = YES;
				CLANG_WARN_BLOCK_CAPTURE_AUTORELEASING = YES;
				CLANG_WARN_BOOL_CONVERSION = YES;
				CLANG_WARN_COMMA = YES;
				CLANG_WARN_CONSTANT_CONVERSION = YES;
				CLANG_WARN_DEPRECATED_OBJC_IMPLEMENTATIONS = YES;
				CLANG_WARN_DIRECT_OBJC_ISA_USAGE = YES_ERROR;
				CLANG_WARN_DOCUMENTATION_COMMENTS = YES;
				CLANG_WARN_EMPTY_BODY = YES;
				CLANG_WARN_ENUM_CONVERSION = YES;
				CLANG_WARN_INFINITE_RECURSION = YES;
				CLANG_WARN_INT_CONVERSION = YES;
				CLANG_WARN_NON_LITERAL_NULL_CONVERSION = YES;
				CLANG_WARN_OBJC_IMPLICIT_RETAIN_SELF = YES;
				CLANG_WARN_OBJC_LITERAL_CONVERSION = YES;
				CLANG_WARN_OBJC_ROOT_CLASS = YES_ERROR;
				CLANG_WARN_RANGE_LOOP_ANALYSIS = YES;
				CLANG_WARN_STRICT_PROTOTYPES = YES;
				CLANG_WARN_SUSPICIOUS_MOVE = YES;
				CLANG_WARN_UNGUARDED_AVAILABILITY = YES_AGGRESSIVE;
				CLANG_WARN_UNREACHABLE_CODE = YES;
				CLANG_WARN__DUPLICATE_METHOD_MATCH = YES;
				CODE_SIGN_IDENTITY = "iPhone Developer";
				COPY_PHASE_STRIP = NO;
				DEBUG_INFORMATION_FORMAT = "dwarf-with-dsym";
				ENABLE_NS_ASSERTIONS = NO;
				ENABLE_STRICT_OBJC_MSGSEND = YES;
				GCC_C_LANGUAGE_STANDARD = gnu11;
				GCC_NO_COMMON_BLOCKS = YES;
				GCC_WARN_64_TO_32_BIT_CONVERSION = YES;
				GCC_WARN_ABOUT_RETURN_TYPE = YES_ERROR;
				GCC_WARN_UNDECLARED_SELECTOR = YES;
				GCC_WARN_UNINITIALIZED_AUTOS = YES_AGGRESSIVE;
				GCC_WARN_UNUSED_FUNCTION = YES;
				GCC_WARN_UNUSED_VARIABLE = YES;
				IPHONEOS_DEPLOYMENT_TARGET = 11.4;
				MTL_ENABLE_DEBUG_INFO = NO;
				SDKROOT = iphoneos;
				SWIFT_COMPILATION_MODE = wholemodule;
				SWIFT_OPTIMIZATION_LEVEL = "-O";
				VALIDATE_PRODUCT = YES;
			};
			name = Release;
		};
		C0F6A622211E786100C4BA1B /* Debug */ = {
			isa = XCBuildConfiguration;
			buildSettings = {
				ASSETCATALOG_COMPILER_APPICON_NAME = AppIcon;
				CODE_SIGN_STYLE = Automatic;
				DEVELOPMENT_TEAM = B5D95CCF6J;
				INFOPLIST_FILE = mvvm/Info.plist;
				LD_RUNPATH_SEARCH_PATHS = (
					"$(inherited)",
					"@executable_path/Frameworks",
				);
				PRODUCT_BUNDLE_IDENTIFIER = com.timothydlee.mvvm;
				PRODUCT_NAME = "$(TARGET_NAME)";
				SWIFT_VERSION = 4.0;
				TARGETED_DEVICE_FAMILY = "1,2";
			};
			name = Debug;
		};
		C0F6A623211E786100C4BA1B /* Release */ = {
			isa = XCBuildConfiguration;
			buildSettings = {
				ASSETCATALOG_COMPILER_APPICON_NAME = AppIcon;
				CODE_SIGN_STYLE = Automatic;
				DEVELOPMENT_TEAM = B5D95CCF6J;
				INFOPLIST_FILE = mvvm/Info.plist;
				LD_RUNPATH_SEARCH_PATHS = (
					"$(inherited)",
					"@executable_path/Frameworks",
				);
				PRODUCT_BUNDLE_IDENTIFIER = com.timothydlee.mvvm;
				PRODUCT_NAME = "$(TARGET_NAME)";
				SWIFT_VERSION = 4.0;
				TARGETED_DEVICE_FAMILY = "1,2";
			};
			name = Release;
		};
/* End XCBuildConfiguration section */

/* Begin XCConfigurationList section */
		C0F6A60A211E786000C4BA1B /* Build configuration list for PBXProject "mvvm" */ = {
			isa = XCConfigurationList;
			buildConfigurations = (
				C0F6A61F211E786100C4BA1B /* Debug */,
				C0F6A620211E786100C4BA1B /* Release */,
			);
			defaultConfigurationIsVisible = 0;
			defaultConfigurationName = Release;
		};
		C0F6A621211E786100C4BA1B /* Build configuration list for PBXNativeTarget "mvvm" */ = {
			isa = XCConfigurationList;
			buildConfigurations = (
				C0F6A622211E786100C4BA1B /* Debug */,
				C0F6A623211E786100C4BA1B /* Release */,
			);
			defaultConfigurationIsVisible = 0;
			defaultConfigurationName = Release;
		};
/* End XCConfigurationList section */
	};
	rootObject = C0F6A607211E786000C4BA1B /* Project object */;
}
